
Microsoft Visual Studio Solution File, Format Version 12.00
# Visual Studio 15
VisualStudioVersion = 15.0.27703.2026
MinimumVisualStudioVersion = 10.0.40219.1
Project("{8BC9CEB8-8B4A-11D0-8D11-00A0C91BC942}") = "engine", "engine.vcxproj", "{CC80FBF7-0C28-4EE2-8E24-ABA8A7A96D18}"
EndProject
Project("{8BC9CEB8-8B4A-11D0-8D11-00A0C91BC942}") = "cgame", "cgame.vcxproj", "{50F1E964-A21F-426F-B5D4-759D54346B1B}"
EndProject
Project("{8BC9CEB8-8B4A-11D0-8D11-00A0C91BC942}") = "game", "game.vcxproj", "{CA0F431E-6AFA-429F-B0C4-A7D0D2497745}"
EndProject
Project("{8BC9CEB8-8B4A-11D0-8D11-00A0C91BC942}") = "opengl1", "opengl1.vcxproj", "{13BBB28A-5817-4E52-8680-9F052FCC1143}"
EndProject
Global
	GlobalSection(SolutionConfigurationPlatforms) = preSolution
		Debug|x64 = Debug|x64
		Debug|x86 = Debug|x86
		Release|x64 = Release|x64
		Release|x86 = Release|x86
	EndGlobalSection
	GlobalSection(ProjectConfigurationPlatforms) = postSolution
		{CC80FBF7-0C28-4EE2-8E24-ABA8A7A96D18}.Debug|x64.ActiveCfg = Debug|x64
		{CC80FBF7-0C28-4EE2-8E24-ABA8A7A96D18}.Debug|x64.Build.0 = Debug|x64
		{CC80FBF7-0C28-4EE2-8E24-ABA8A7A96D18}.Debug|x86.ActiveCfg = Debug|Win32
		{CC80FBF7-0C28-4EE2-8E24-ABA8A7A96D18}.Debug|x86.Build.0 = Debug|Win32
		{CC80FBF7-0C28-4EE2-8E24-ABA8A7A96D18}.Release|x64.ActiveCfg = Release|x64
		{CC80FBF7-0C28-4EE2-8E24-ABA8A7A96D18}.Release|x64.Build.0 = Release|x64
		{CC80FBF7-0C28-4EE2-8E24-ABA8A7A96D18}.Release|x86.ActiveCfg = Release|Win32
		{CC80FBF7-0C28-4EE2-8E24-ABA8A7A96D18}.Release|x86.Build.0 = Release|Win32
		{50F1E964-A21F-426F-B5D4-759D54346B1B}.Debug|x64.ActiveCfg = Debug|x64
		{50F1E964-A21F-426F-B5D4-759D54346B1B}.Debug|x64.Build.0 = Debug|x64
		{50F1E964-A21F-426F-B5D4-759D54346B1B}.Debug|x86.ActiveCfg = Debug|Win32
		{50F1E964-A21F-426F-B5D4-759D54346B1B}.Debug|x86.Build.0 = Debug|Win32
		{50F1E964-A21F-426F-B5D4-759D54346B1B}.Release|x64.ActiveCfg = Release|x64
		{50F1E964-A21F-426F-B5D4-759D54346B1B}.Release|x64.Build.0 = Release|x64
		{50F1E964-A21F-426F-B5D4-759D54346B1B}.Release|x86.ActiveCfg = Release|Win32
		{50F1E964-A21F-426F-B5D4-759D54346B1B}.Release|x86.Build.0 = Release|Win32
		{CA0F431E-6AFA-429F-B0C4-A7D0D2497745}.Debug|x64.ActiveCfg = Debug|x64
		{CA0F431E-6AFA-429F-B0C4-A7D0D2497745}.Debug|x64.Build.0 = Debug|x64
		{CA0F431E-6AFA-429F-B0C4-A7D0D2497745}.Debug|x86.ActiveCfg = Debug|Win32
		{CA0F431E-6AFA-429F-B0C4-A7D0D2497745}.Debug|x86.Build.0 = Debug|Win32
		{CA0F431E-6AFA-429F-B0C4-A7D0D2497745}.Release|x64.ActiveCfg = Release|x64
		{CA0F431E-6AFA-429F-B0C4-A7D0D2497745}.Release|x64.Build.0 = Release|x64
		{CA0F431E-6AFA-429F-B0C4-A7D0D2497745}.Release|x86.ActiveCfg = Release|Win32
		{CA0F431E-6AFA-429F-B0C4-A7D0D2497745}.Release|x86.Build.0 = Release|Win32
		{13BBB28A-5817-4E52-8680-9F052FCC1143}.Debug|x64.ActiveCfg = Debug|x64
		{13BBB28A-5817-4E52-8680-9F052FCC1143}.Debug|x64.Build.0 = Debug|x64
		{13BBB28A-5817-4E52-8680-9F052FCC1143}.Debug|x86.ActiveCfg = Debug|Win32
		{13BBB28A-5817-4E52-8680-9F052FCC1143}.Debug|x86.Build.0 = Debug|Win32
		{13BBB28A-5817-4E52-8680-9F052FCC1143}.Release|x64.ActiveCfg = Release|x64
		{13BBB28A-5817-4E52-8680-9F052FCC1143}.Release|x64.Build.0 = Release|x64
		{13BBB28A-5817-4E52-8680-9F052FCC1143}.Release|x86.ActiveCfg = Release|Win32
		{13BBB28A-5817-4E52-8680-9F052FCC1143}.Release|x86.Build.0 = Release|Win32
	EndGlobalSection
	GlobalSection(SolutionProperties) = preSolution
		HideSolutionNode = FALSE
	EndGlobalSection
	GlobalSection(ExtensibilityGlobals) = postSolution
		SolutionGuid = {43B5D6DC-7CDA-4ED3-8CE0-CDC50055B184}
	EndGlobalSection
EndGlobal
